PODS:
  - Aspects (1.4.1)
  - FBSnapshotTestCase (2.1.4):
    - FBSnapshotTestCase/SwiftSupport (= 2.1.4)
  - FBSnapshotTestCase/Core (2.1.4)
  - FBSnapshotTestCase/SwiftSupport (2.1.4):
    - FBSnapshotTestCase/Core
  - YTouchScope (0.1.0):
    - Aspects (~> 1.4.1)

DEPENDENCIES:
  - FBSnapshotTestCase
  - YTouchScope (from `../`)

EXTERNAL SOURCES:
  YTouchScope:
    :path: "../"

SPEC CHECKSUMS:
  Aspects: 7595ba96a6727a58ebcbfc954497fc5d2fdde546
  FBSnapshotTestCase: 094f9f314decbabe373b87cc339bea235a63e07a
  YTouchScope: 651c98bd183b2fbe84320c87dd982f568bf11d96

PODFILE CHECKSUM: b6a7d5c5f120dbcc7d44b2ce0359301d01dd52cd

COCOAPODS: 1.2.0
